// !$*UTF8*$!
{
	archiveVersion = 1;
	classes = {
	};
	objectVersion = 56;
	objects = {

/* Begin PBXBuildFile section */
		435B68E42C4ECC3500FED4D3 /* Recorder.swift in Sources */ = {isa = PBXBuildFile; fileRef = 435B68E32C4ECC3500FED4D3 /* Recorder.swift */; };
		435B68E52C4ECC3500FED4D3 /* Recorder.swift in Sources */ = {isa = PBXBuildFile; fileRef = 435B68E32C4ECC3500FED4D3 /* Recorder.swift */; };
		43780A692C4659DF00F229FA /* Base in Resources */ = {isa = PBXBuildFile; fileRef = 43780A682C4659DF00F229FA /* Base */; };
		43780A6B2C4659E000F229FA /* Assets.xcassets in Resources */ = {isa = PBXBuildFile; fileRef = 43780A6A2C4659E000F229FA /* Assets.xcassets */; };
		43780A732C4659E000F229FA /* FlamRClip.app in Embed App Clips */ = {isa = PBXBuildFile; fileRef = 43780A5F2C4659DF00F229FA /* FlamRClip.app */; settings = {ATTRIBUTES = (RemoveHeadersOnCopy, ); }; };
		43780A7B2C467AF900F229FA /* AppDelegate.swift in Sources */ = {isa = PBXBuildFile; fileRef = 84230DEE2BB5885F008B90D2 /* AppDelegate.swift */; };
		43780A802C467F6A00F229FA /* ViewController.swift in Sources */ = {isa = PBXBuildFile; fileRef = 43780A652C4659DF00F229FA /* ViewController.swift */; };
		43780A832C46A5A100F229FA /* AppUserDefaults.swift in Sources */ = {isa = PBXBuildFile; fileRef = 43780A822C46A5A100F229FA /* AppUserDefaults.swift */; };
		43780A842C46A5A100F229FA /* AppUserDefaults.swift in Sources */ = {isa = PBXBuildFile; fileRef = 43780A822C46A5A100F229FA /* AppUserDefaults.swift */; };
		84230DEF2BB5885F008B90D2 /* AppDelegate.swift in Sources */ = {isa = PBXBuildFile; fileRef = 84230DEE2BB5885F008B90D2 /* AppDelegate.swift */; };
		84230DF32BB5885F008B90D2 /* AppViewController.swift in Sources */ = {isa = PBXBuildFile; fileRef = 84230DF22BB5885F008B90D2 /* AppViewController.swift */; };
		84230DF62BB5885F008B90D2 /* Base in Resources */ = {isa = PBXBuildFile; fileRef = 84230DF52BB5885F008B90D2 /* Base */; };
		84230DF82BB58863008B90D2 /* Assets.xcassets in Resources */ = {isa = PBXBuildFile; fileRef = 84230DF72BB58863008B90D2 /* Assets.xcassets */; };
		84230DFB2BB58863008B90D2 /* Base in Resources */ = {isa = PBXBuildFile; fileRef = 84230DFA2BB58863008B90D2 /* Base */; };
		84230E062BB58863008B90D2 /* InterviewTasksTests.swift in Sources */ = {isa = PBXBuildFile; fileRef = 84230E052BB58863008B90D2 /* InterviewTasksTests.swift */; };
		84230E102BB58863008B90D2 /* InterviewTasksUITests.swift in Sources */ = {isa = PBXBuildFile; fileRef = 84230E0F2BB58863008B90D2 /* InterviewTasksUITests.swift */; };
		84230E122BB58863008B90D2 /* InterviewTasksUITestsLaunchTests.swift in Sources */ = {isa = PBXBuildFile; fileRef = 84230E112BB58863008B90D2 /* InterviewTasksUITestsLaunchTests.swift */; };
		84230E202BB58A32008B90D2 /* SampleCell.xib in Resources */ = {isa = PBXBuildFile; fileRef = 84230E1F2BB58A32008B90D2 /* SampleCell.xib */; };
		84230E222BB58A4E008B90D2 /* SampleCell.swift in Sources */ = {isa = PBXBuildFile; fileRef = 84230E212BB58A4E008B90D2 /* SampleCell.swift */; };
/* End PBXBuildFile section */

/* Begin PBXContainerItemProxy section */
		43780A712C4659E000F229FA /* PBXContainerItemProxy */ = {
			isa = PBXContainerItemProxy;
			containerPortal = 84230DE32BB5885F008B90D2 /* Project object */;
			proxyType = 1;
			remoteGlobalIDString = 43780A5E2C4659DF00F229FA;
			remoteInfo = InterviewTasksClip;
		};
		84230E022BB58863008B90D2 /* PBXContainerItemProxy */ = {
			isa = PBXContainerItemProxy;
			containerPortal = 84230DE32BB5885F008B90D2 /* Project object */;
			proxyType = 1;
			remoteGlobalIDString = 84230DEA2BB5885F008B90D2;
			remoteInfo = InterviewTasks;
		};
		84230E0C2BB58863008B90D2 /* PBXContainerItemProxy */ = {
			isa = PBXContainerItemProxy;
			containerPortal = 84230DE32BB5885F008B90D2 /* Project object */;
			proxyType = 1;
			remoteGlobalIDString = 84230DEA2BB5885F008B90D2;
			remoteInfo = InterviewTasks;
		};
/* End PBXContainerItemProxy section */

/* Begin PBXCopyFilesBuildPhase section */
		43780A772C4659E000F229FA /* Embed App Clips */ = {
			isa = PBXCopyFilesBuildPhase;
			buildActionMask = 2147483647;
			dstPath = "$(CONTENTS_FOLDER_PATH)/AppClips";
			dstSubfolderSpec = 16;
			files = (
				43780A732C4659E000F229FA /* FlamRClip.app in Embed App Clips */,
			);
			name = "Embed App Clips";
			runOnlyForDeploymentPostprocessing = 0;
		};
/* End PBXCopyFilesBuildPhase section */

/* Begin PBXFileReference section */
		435B68E32C4ECC3500FED4D3 /* Recorder.swift */ = {isa = PBXFileReference; lastKnownFileType = sourcecode.swift; path = Recorder.swift; sourceTree = "<group>"; };
		43780A5F2C4659DF00F229FA /* FlamRClip.app */ = {isa = PBXFileReference; explicitFileType = wrapper.application; includeInIndex = 0; path = FlamRClip.app; sourceTree = BUILT_PRODUCTS_DIR; };
		43780A652C4659DF00F229FA /* ViewController.swift */ = {isa = PBXFileReference; lastKnownFileType = sourcecode.swift; path = ViewController.swift; sourceTree = "<group>"; };
		43780A682C4659DF00F229FA /* Base */ = {isa = PBXFileReference; lastKnownFileType = file.storyboard; name = Base; path = Base.lproj/AppClipUI.storyboard; sourceTree = "<group>"; };
		43780A6A2C4659E000F229FA /* Assets.xcassets */ = {isa = PBXFileReference; lastKnownFileType = folder.assetcatalog; path = Assets.xcassets; sourceTree = "<group>"; };
		43780A6F2C4659E000F229FA /* Info.plist */ = {isa = PBXFileReference; lastKnownFileType = text.plist.xml; path = Info.plist; sourceTree = "<group>"; };
		43780A702C4659E000F229FA /* InterviewTasksClip.entitlements */ = {isa = PBXFileReference; lastKnownFileType = text.plist.entitlements; path = InterviewTasksClip.entitlements; sourceTree = "<group>"; };
		43780A822C46A5A100F229FA /* AppUserDefaults.swift */ = {isa = PBXFileReference; lastKnownFileType = sourcecode.swift; path = AppUserDefaults.swift; sourceTree = "<group>"; };
		43A5F4432C49215100B3477A /* FlamR.entitlements */ = {isa = PBXFileReference; fileEncoding = 4; lastKnownFileType = text.plist.entitlements; path = FlamR.entitlements; sourceTree = "<group>"; };
		84230DEB2BB5885F008B90D2 /* FlamR.app */ = {isa = PBXFileReference; explicitFileType = wrapper.application; includeInIndex = 0; path = FlamR.app; sourceTree = BUILT_PRODUCTS_DIR; };
		84230DEE2BB5885F008B90D2 /* AppDelegate.swift */ = {isa = PBXFileReference; lastKnownFileType = sourcecode.swift; path = AppDelegate.swift; sourceTree = "<group>"; };
		84230DF22BB5885F008B90D2 /* AppViewController.swift */ = {isa = PBXFileReference; lastKnownFileType = sourcecode.swift; path = AppViewController.swift; sourceTree = "<group>"; };
		84230DF52BB5885F008B90D2 /* Base */ = {isa = PBXFileReference; lastKnownFileType = file.storyboard; name = Base; path = Base.lproj/Main.storyboard; sourceTree = "<group>"; };
		84230DF72BB58863008B90D2 /* Assets.xcassets */ = {isa = PBXFileReference; lastKnownFileType = folder.assetcatalog; path = Assets.xcassets; sourceTree = "<group>"; };
		84230DFA2BB58863008B90D2 /* Base */ = {isa = PBXFileReference; lastKnownFileType = file.storyboard; name = Base; path = Base.lproj/LaunchScreen.storyboard; sourceTree = "<group>"; };
		84230DFC2BB58863008B90D2 /* Info.plist */ = {isa = PBXFileReference; lastKnownFileType = text.plist.xml; path = Info.plist; sourceTree = "<group>"; };
		84230E012BB58863008B90D2 /* InterviewTasksTests.xctest */ = {isa = PBXFileReference; explicitFileType = wrapper.cfbundle; includeInIndex = 0; path = InterviewTasksTests.xctest; sourceTree = BUILT_PRODUCTS_DIR; };
		84230E052BB58863008B90D2 /* InterviewTasksTests.swift */ = {isa = PBXFileReference; lastKnownFileType = sourcecode.swift; path = InterviewTasksTests.swift; sourceTree = "<group>"; };
		84230E0B2BB58863008B90D2 /* InterviewTasksUITests.xctest */ = {isa = PBXFileReference; explicitFileType = wrapper.cfbundle; includeInIndex = 0; path = InterviewTasksUITests.xctest; sourceTree = BUILT_PRODUCTS_DIR; };
		84230E0F2BB58863008B90D2 /* InterviewTasksUITests.swift */ = {isa = PBXFileReference; lastKnownFileType = sourcecode.swift; path = InterviewTasksUITests.swift; sourceTree = "<group>"; };
		84230E112BB58863008B90D2 /* InterviewTasksUITestsLaunchTests.swift */ = {isa = PBXFileReference; lastKnownFileType = sourcecode.swift; path = InterviewTasksUITestsLaunchTests.swift; sourceTree = "<group>"; };
		84230E1F2BB58A32008B90D2 /* SampleCell.xib */ = {isa = PBXFileReference; lastKnownFileType = file.xib; path = SampleCell.xib; sourceTree = "<group>"; };
		84230E212BB58A4E008B90D2 /* SampleCell.swift */ = {isa = PBXFileReference; lastKnownFileType = sourcecode.swift; path = SampleCell.swift; sourceTree = "<group>"; };
/* End PBXFileReference section */

/* Begin PBXFrameworksBuildPhase section */
		43780A5C2C4659DF00F229FA /* Frameworks */ = {
			isa = PBXFrameworksBuildPhase;
			buildActionMask = 2147483647;
			files = (
			);
			runOnlyForDeploymentPostprocessing = 0;
		};
		84230DE82BB5885F008B90D2 /* Frameworks */ = {
			isa = PBXFrameworksBuildPhase;
			buildActionMask = 2147483647;
			files = (
			);
			runOnlyForDeploymentPostprocessing = 0;
		};
		84230DFE2BB58863008B90D2 /* Frameworks */ = {
			isa = PBXFrameworksBuildPhase;
			buildActionMask = 2147483647;
			files = (
			);
			runOnlyForDeploymentPostprocessing = 0;
		};
		84230E082BB58863008B90D2 /* Frameworks */ = {
			isa = PBXFrameworksBuildPhase;
			buildActionMask = 2147483647;
			files = (
			);
			runOnlyForDeploymentPostprocessing = 0;
		};
/* End PBXFrameworksBuildPhase section */

/* Begin PBXGroup section */
		43780A602C4659DF00F229FA /* InterviewTasksClip */ = {
			isa = PBXGroup;
			children = (
				43780A652C4659DF00F229FA /* ViewController.swift */,
				43780A672C4659DF00F229FA /* AppClipUI.storyboard */,
				43780A6A2C4659E000F229FA /* Assets.xcassets */,
				43780A6F2C4659E000F229FA /* Info.plist */,
				43780A702C4659E000F229FA /* InterviewTasksClip.entitlements */,
			);
			path = InterviewTasksClip;
			sourceTree = "<group>";
		};
		43A5F4402C4905D200B3477A /* App */ = {
			isa = PBXGroup;
			children = (
				43A5F4432C49215100B3477A /* FlamR.entitlements */,
				84230E1E2BB58A1E008B90D2 /* Cells */,
				84230DEE2BB5885F008B90D2 /* AppDelegate.swift */,
				84230DF22BB5885F008B90D2 /* AppViewController.swift */,
				84230DF42BB5885F008B90D2 /* Main.storyboard */,
				84230DF72BB58863008B90D2 /* Assets.xcassets */,
				84230DF92BB58863008B90D2 /* LaunchScreen.storyboard */,
				84230DFC2BB58863008B90D2 /* Info.plist */,
				43780A822C46A5A100F229FA /* AppUserDefaults.swift */,
				435B68E32C4ECC3500FED4D3 /* Recorder.swift */,
			);
			path = App;
			sourceTree = "<group>";
		};
		84230DE22BB5885F008B90D2 = {
			isa = PBXGroup;
			children = (
				84230DED2BB5885F008B90D2 /* FlamR */,
				84230E042BB58863008B90D2 /* InterviewTasksTests */,
				84230E0E2BB58863008B90D2 /* InterviewTasksUITests */,
				43780A602C4659DF00F229FA /* InterviewTasksClip */,
				84230DEC2BB5885F008B90D2 /* Products */,
			);
			sourceTree = "<group>";
		};
		84230DEC2BB5885F008B90D2 /* Products */ = {
			isa = PBXGroup;
			children = (
				84230DEB2BB5885F008B90D2 /* FlamR.app */,
				84230E012BB58863008B90D2 /* InterviewTasksTests.xctest */,
				84230E0B2BB58863008B90D2 /* InterviewTasksUITests.xctest */,
				43780A5F2C4659DF00F229FA /* FlamRClip.app */,
			);
			name = Products;
			sourceTree = "<group>";
		};
		84230DED2BB5885F008B90D2 /* FlamR */ = {
			isa = PBXGroup;
			children = (
				43A5F4402C4905D200B3477A /* App */,
			);
			path = FlamR;
			sourceTree = "<group>";
		};
		84230E042BB58863008B90D2 /* InterviewTasksTests */ = {
			isa = PBXGroup;
			children = (
				84230E052BB58863008B90D2 /* InterviewTasksTests.swift */,
			);
			path = InterviewTasksTests;
			sourceTree = "<group>";
		};
		84230E0E2BB58863008B90D2 /* InterviewTasksUITests */ = {
			isa = PBXGroup;
			children = (
				84230E0F2BB58863008B90D2 /* InterviewTasksUITests.swift */,
				84230E112BB58863008B90D2 /* InterviewTasksUITestsLaunchTests.swift */,
			);
			path = InterviewTasksUITests;
			sourceTree = "<group>";
		};
		84230E1E2BB58A1E008B90D2 /* Cells */ = {
			isa = PBXGroup;
			children = (
				84230E1F2BB58A32008B90D2 /* SampleCell.xib */,
				84230E212BB58A4E008B90D2 /* SampleCell.swift */,
			);
			path = Cells;
			sourceTree = "<group>";
		};
/* End PBXGroup section */

/* Begin PBXNativeTarget section */
		43780A5E2C4659DF00F229FA /* FlamRClip */ = {
			isa = PBXNativeTarget;
			buildConfigurationList = 43780A742C4659E000F229FA /* Build configuration list for PBXNativeTarget "FlamRClip" */;
			buildPhases = (
				43780A5B2C4659DF00F229FA /* Sources */,
				43780A5C2C4659DF00F229FA /* Frameworks */,
				43780A5D2C4659DF00F229FA /* Resources */,
			);
			buildRules = (
			);
			dependencies = (
			);
			name = FlamRClip;
			productName = InterviewTasksClip;
			productReference = 43780A5F2C4659DF00F229FA /* FlamRClip.app */;
			productType = "com.apple.product-type.application.on-demand-install-capable";
		};
		84230DEA2BB5885F008B90D2 /* FlamR */ = {
			isa = PBXNativeTarget;
			buildConfigurationList = 84230E152BB58863008B90D2 /* Build configuration list for PBXNativeTarget "FlamR" */;
			buildPhases = (
				84230DE72BB5885F008B90D2 /* Sources */,
				84230DE82BB5885F008B90D2 /* Frameworks */,
				84230DE92BB5885F008B90D2 /* Resources */,
				43780A772C4659E000F229FA /* Embed App Clips */,
			);
			buildRules = (
			);
			dependencies = (
				43780A722C4659E000F229FA /* PBXTargetDependency */,
			);
			name = FlamR;
			productName = InterviewTasks;
			productReference = 84230DEB2BB5885F008B90D2 /* FlamR.app */;
			productType = "com.apple.product-type.application";
		};
		84230E002BB58863008B90D2 /* InterviewTasksTests */ = {
			isa = PBXNativeTarget;
			buildConfigurationList = 84230E182BB58863008B90D2 /* Build configuration list for PBXNativeTarget "InterviewTasksTests" */;
			buildPhases = (
				84230DFD2BB58863008B90D2 /* Sources */,
				84230DFE2BB58863008B90D2 /* Frameworks */,
				84230DFF2BB58863008B90D2 /* Resources */,
			);
			buildRules = (
			);
			dependencies = (
				84230E032BB58863008B90D2 /* PBXTargetDependency */,
			);
			name = InterviewTasksTests;
			productName = InterviewTasksTests;
			productReference = 84230E012BB58863008B90D2 /* InterviewTasksTests.xctest */;
			productType = "com.apple.product-type.bundle.unit-test";
		};
		84230E0A2BB58863008B90D2 /* InterviewTasksUITests */ = {
			isa = PBXNativeTarget;
			buildConfigurationList = 84230E1B2BB58863008B90D2 /* Build configuration list for PBXNativeTarget "InterviewTasksUITests" */;
			buildPhases = (
				84230E072BB58863008B90D2 /* Sources */,
				84230E082BB58863008B90D2 /* Frameworks */,
				84230E092BB58863008B90D2 /* Resources */,
			);
			buildRules = (
			);
			dependencies = (
				84230E0D2BB58863008B90D2 /* PBXTargetDependency */,
			);
			name = InterviewTasksUITests;
			productName = InterviewTasksUITests;
			productReference = 84230E0B2BB58863008B90D2 /* InterviewTasksUITests.xctest */;
			productType = "com.apple.product-type.bundle.ui-testing";
		};
/* End PBXNativeTarget section */

/* Begin PBXProject section */
		84230DE32BB5885F008B90D2 /* Project object */ = {
			isa = PBXProject;
			attributes = {
				BuildIndependentTargetsInParallel = 1;
				LastSwiftUpdateCheck = 1540;
				LastUpgradeCheck = 1530;
				TargetAttributes = {
					43780A5E2C4659DF00F229FA = {
						CreatedOnToolsVersion = 15.4;
					};
					84230DEA2BB5885F008B90D2 = {
						CreatedOnToolsVersion = 15.3;
					};
					84230E002BB58863008B90D2 = {
						CreatedOnToolsVersion = 15.3;
						TestTargetID = 84230DEA2BB5885F008B90D2;
					};
					84230E0A2BB58863008B90D2 = {
						CreatedOnToolsVersion = 15.3;
						TestTargetID = 84230DEA2BB5885F008B90D2;
					};
				};
			};
			buildConfigurationList = 84230DE62BB5885F008B90D2 /* Build configuration list for PBXProject "FlamR" */;
			compatibilityVersion = "Xcode 14.0";
			developmentRegion = en;
			hasScannedForEncodings = 0;
			knownRegions = (
				en,
				Base,
			);
			mainGroup = 84230DE22BB5885F008B90D2;
			productRefGroup = 84230DEC2BB5885F008B90D2 /* Products */;
			projectDirPath = "";
			projectRoot = "";
			targets = (
				84230DEA2BB5885F008B90D2 /* FlamR */,
				84230E002BB58863008B90D2 /* InterviewTasksTests */,
				84230E0A2BB58863008B90D2 /* InterviewTasksUITests */,
				43780A5E2C4659DF00F229FA /* FlamRClip */,
			);
		};
/* End PBXProject section */

/* Begin PBXResourcesBuildPhase section */
		43780A5D2C4659DF00F229FA /* Resources */ = {
			isa = PBXResourcesBuildPhase;
			buildActionMask = 2147483647;
			files = (
				43780A6B2C4659E000F229FA /* Assets.xcassets in Resources */,
				43780A692C4659DF00F229FA /* Base in Resources */,
			);
			runOnlyForDeploymentPostprocessing = 0;
		};
		84230DE92BB5885F008B90D2 /* Resources */ = {
			isa = PBXResourcesBuildPhase;
			buildActionMask = 2147483647;
			files = (
				84230DF82BB58863008B90D2 /* Assets.xcassets in Resources */,
				84230E202BB58A32008B90D2 /* SampleCell.xib in Resources */,
				84230DFB2BB58863008B90D2 /* Base in Resources */,
				84230DF62BB5885F008B90D2 /* Base in Resources */,
			);
			runOnlyForDeploymentPostprocessing = 0;
		};
		84230DFF2BB58863008B90D2 /* Resources */ = {
			isa = PBXResourcesBuildPhase;
			buildActionMask = 2147483647;
			files = (
			);
			runOnlyForDeploymentPostprocessing = 0;
		};
		84230E092BB58863008B90D2 /* Resources */ = {
			isa = PBXResourcesBuildPhase;
			buildActionMask = 2147483647;
			files = (
			);
			runOnlyForDeploymentPostprocessing = 0;
		};
/* End PBXResourcesBuildPhase section */

/* Begin PBXSourcesBuildPhase section */
		43780A5B2C4659DF00F229FA /* Sources */ = {
			isa = PBXSourcesBuildPhase;
			buildActionMask = 2147483647;
			files = (
				43780A842C46A5A100F229FA /* AppUserDefaults.swift in Sources */,
				43780A802C467F6A00F229FA /* ViewController.swift in Sources */,
				43780A7B2C467AF900F229FA /* AppDelegate.swift in Sources */,
				435B68E52C4ECC3500FED4D3 /* Recorder.swift in Sources */,
			);
			runOnlyForDeploymentPostprocessing = 0;
		};
		84230DE72BB5885F008B90D2 /* Sources */ = {
			isa = PBXSourcesBuildPhase;
			buildActionMask = 2147483647;
			files = (
				435B68E42C4ECC3500FED4D3 /* Recorder.swift in Sources */,
				84230E222BB58A4E008B90D2 /* SampleCell.swift in Sources */,
				84230DF32BB5885F008B90D2 /* AppViewController.swift in Sources */,
				43780A832C46A5A100F229FA /* AppUserDefaults.swift in Sources */,
				84230DEF2BB5885F008B90D2 /* AppDelegate.swift in Sources */,
			);
			runOnlyForDeploymentPostprocessing = 0;
		};
		84230DFD2BB58863008B90D2 /* Sources */ = {
			isa = PBXSourcesBuildPhase;
			buildActionMask = 2147483647;
			files = (
				84230E062BB58863008B90D2 /* InterviewTasksTests.swift in Sources */,
			);
			runOnlyForDeploymentPostprocessing = 0;
		};
		84230E072BB58863008B90D2 /* Sources */ = {
			isa = PBXSourcesBuildPhase;
			buildActionMask = 2147483647;
			files = (
				84230E102BB58863008B90D2 /* InterviewTasksUITests.swift in Sources */,
				84230E122BB58863008B90D2 /* InterviewTasksUITestsLaunchTests.swift in Sources */,
			);
			runOnlyForDeploymentPostprocessing = 0;
		};
/* End PBXSourcesBuildPhase section */

/* Begin PBXTargetDependency section */
		43780A722C4659E000F229FA /* PBXTargetDependency */ = {
			isa = PBXTargetDependency;
			target = 43780A5E2C4659DF00F229FA /* FlamRClip */;
			targetProxy = 43780A712C4659E000F229FA /* PBXContainerItemProxy */;
		};
		84230E032BB58863008B90D2 /* PBXTargetDependency */ = {
			isa = PBXTargetDependency;
			target = 84230DEA2BB5885F008B90D2 /* FlamR */;
			targetProxy = 84230E022BB58863008B90D2 /* PBXContainerItemProxy */;
		};
		84230E0D2BB58863008B90D2 /* PBXTargetDependency */ = {
			isa = PBXTargetDependency;
			target = 84230DEA2BB5885F008B90D2 /* FlamR */;
			targetProxy = 84230E0C2BB58863008B90D2 /* PBXContainerItemProxy */;
		};
/* End PBXTargetDependency section */

/* Begin PBXVariantGroup section */
		43780A672C4659DF00F229FA /* AppClipUI.storyboard */ = {
			isa = PBXVariantGroup;
			children = (
				43780A682C4659DF00F229FA /* Base */,
			);
			name = AppClipUI.storyboard;
			sourceTree = "<group>";
		};
		84230DF42BB5885F008B90D2 /* Main.storyboard */ = {
			isa = PBXVariantGroup;
			children = (
				84230DF52BB5885F008B90D2 /* Base */,
			);
			name = Main.storyboard;
			sourceTree = "<group>";
		};
		84230DF92BB58863008B90D2 /* LaunchScreen.storyboard */ = {
			isa = PBXVariantGroup;
			children = (
				84230DFA2BB58863008B90D2 /* Base */,
			);
			name = LaunchScreen.storyboard;
			sourceTree = "<group>";
		};
/* End PBXVariantGroup section */

/* Begin XCBuildConfiguration section */
		43780A752C4659E000F229FA /* Debug */ = {
			isa = XCBuildConfiguration;
			buildSettings = {
				ASSETCATALOG_COMPILER_APPICON_NAME = AppIcon;
				ASSETCATALOG_COMPILER_GLOBAL_ACCENT_COLOR_NAME = AccentColor;
				CODE_SIGN_ENTITLEMENTS = InterviewTasksClip/InterviewTasksClip.entitlements;
				CODE_SIGN_STYLE = Automatic;
				CURRENT_PROJECT_VERSION = 1;
				DEVELOPMENT_TEAM = K6FZYUHLAF;
				GENERATE_INFOPLIST_FILE = YES;
				INFOPLIST_FILE = InterviewTasksClip/Info.plist;
				INFOPLIST_KEY_CFBundleDisplayName = FlamR;
				INFOPLIST_KEY_NSCameraUsageDescription = "Camera permission required";
				INFOPLIST_KEY_UIApplicationSupportsIndirectInputEvents = YES;
				INFOPLIST_KEY_UILaunchStoryboardName = LaunchScreen;
				INFOPLIST_KEY_UIMainStoryboardFile = AppClipUI;
				INFOPLIST_KEY_UISupportedInterfaceOrientations_iPad = "UIInterfaceOrientationPortrait UIInterfaceOrientationPortraitUpsideDown UIInterfaceOrientationLandscapeLeft UIInterfaceOrientationLandscapeRight";
				INFOPLIST_KEY_UISupportedInterfaceOrientations_iPhone = "UIInterfaceOrientationPortrait UIInterfaceOrientationLandscapeLeft UIInterfaceOrientationLandscapeRight";
				IPHONEOS_DEPLOYMENT_TARGET = 16.0;
				LD_RUNPATH_SEARCH_PATHS = (
					"$(inherited)",
					"@executable_path/Frameworks",
				);
				MARKETING_VERSION = 1.0;
				PRODUCT_BUNDLE_IDENTIFIER = com.flam.flamExperience.Clip;
				PRODUCT_NAME = "$(TARGET_NAME)";
				SWIFT_EMIT_LOC_STRINGS = YES;
				SWIFT_VERSION = 5.0;
				TARGETED_DEVICE_FAMILY = "1,2";
			};
			name = Debug;
		};
		43780A762C4659E000F229FA /* Release */ = {
			isa = XCBuildConfiguration;
			buildSettings = {
				ASSETCATALOG_COMPILER_APPICON_NAME = AppIcon;
				ASSETCATALOG_COMPILER_GLOBAL_ACCENT_COLOR_NAME = AccentColor;
				CODE_SIGN_ENTITLEMENTS = InterviewTasksClip/InterviewTasksClip.entitlements;
				CODE_SIGN_STYLE = Automatic;
				CURRENT_PROJECT_VERSION = 1;
				DEVELOPMENT_TEAM = K6FZYUHLAF;
				GENERATE_INFOPLIST_FILE = YES;
				INFOPLIST_FILE = InterviewTasksClip/Info.plist;
				INFOPLIST_KEY_CFBundleDisplayName = FlamR;
				INFOPLIST_KEY_NSCameraUsageDescription = "Camera permission required";
				INFOPLIST_KEY_UIApplicationSupportsIndirectInputEvents = YES;
				INFOPLIST_KEY_UILaunchStoryboardName = LaunchScreen;
				INFOPLIST_KEY_UIMainStoryboardFile = AppClipUI;
				INFOPLIST_KEY_UISupportedInterfaceOrientations_iPad = "UIInterfaceOrientationPortrait UIInterfaceOrientationPortraitUpsideDown UIInterfaceOrientationLandscapeLeft UIInterfaceOrientationLandscapeRight";
				INFOPLIST_KEY_UISupportedInterfaceOrientations_iPhone = "UIInterfaceOrientationPortrait UIInterfaceOrientationLandscapeLeft UIInterfaceOrientationLandscapeRight";
				IPHONEOS_DEPLOYMENT_TARGET = 16.0;
				LD_RUNPATH_SEARCH_PATHS = (
					"$(inherited)",
					"@executable_path/Frameworks",
				);
				MARKETING_VERSION = 1.0;
				PRODUCT_BUNDLE_IDENTIFIER = com.flam.flamExperience.Clip;
				PRODUCT_NAME = "$(TARGET_NAME)";
				SWIFT_EMIT_LOC_STRINGS = YES;
				SWIFT_VERSION = 5.0;
				TARGETED_DEVICE_FAMILY = "1,2";
			};
			name = Release;
		};
		84230E132BB58863008B90D2 /* Debug */ = {
			isa = XCBuildConfiguration;
			buildSettings = {
				ALWAYS_SEARCH_USER_PATHS = NO;
				ASSETCATALOG_COMPILER_GENERATE_SWIFT_ASSET_SYMBOL_EXTENSIONS = YES;
				CLANG_ANALYZER_NONNULL = YES;
				CLANG_ANALYZER_NUMBER_OBJECT_CONVERSION = YES_AGGRESSIVE;
				CLANG_CXX_LANGUAGE_STANDARD = "gnu++20";
				CLANG_ENABLE_MODULES = YES;
				CLANG_ENABLE_OBJC_ARC = YES;
				CLANG_ENABLE_OBJC_WEAK = YES;
				CLANG_WARN_BLOCK_CAPTURE_AUTORELEASING = YES;
				CLANG_WARN_BOOL_CONVERSION = YES;
				CLANG_WARN_COMMA = YES;
				CLANG_WARN_CONSTANT_CONVERSION = YES;
				CLANG_WARN_DEPRECATED_OBJC_IMPLEMENTATIONS = YES;
				CLANG_WARN_DIRECT_OBJC_ISA_USAGE = YES_ERROR;
				CLANG_WARN_DOCUMENTATION_COMMENTS = YES;
				CLANG_WARN_EMPTY_BODY = YES;
				CLANG_WARN_ENUM_CONVERSION = YES;
				CLANG_WARN_INFINITE_RECURSION = YES;
				CLANG_WARN_INT_CONVERSION = YES;
				CLANG_WARN_NON_LITERAL_NULL_CONVERSION = YES;
				CLANG_WARN_OBJC_IMPLICIT_RETAIN_SELF = YES;
				CLANG_WARN_OBJC_LITERAL_CONVERSION = YES;
				CLANG_WARN_OBJC_ROOT_CLASS = YES_ERROR;
				CLANG_WARN_QUOTED_INCLUDE_IN_FRAMEWORK_HEADER = YES;
				CLANG_WARN_RANGE_LOOP_ANALYSIS = YES;
				CLANG_WARN_STRICT_PROTOTYPES = YES;
				CLANG_WARN_SUSPICIOUS_MOVE = YES;
				CLANG_WARN_UNGUARDED_AVAILABILITY = YES_AGGRESSIVE;
				CLANG_WARN_UNREACHABLE_CODE = YES;
				CLANG_WARN__DUPLICATE_METHOD_MATCH = YES;
				COPY_PHASE_STRIP = NO;
				DEBUG_INFORMATION_FORMAT = dwarf;
				ENABLE_STRICT_OBJC_MSGSEND = YES;
				ENABLE_TESTABILITY = YES;
				ENABLE_USER_SCRIPT_SANDBOXING = YES;
				GCC_C_LANGUAGE_STANDARD = gnu17;
				GCC_DYNAMIC_NO_PIC = NO;
				GCC_NO_COMMON_BLOCKS = YES;
				GCC_OPTIMIZATION_LEVEL = 0;
				GCC_PREPROCESSOR_DEFINITIONS = (
					"DEBUG=1",
					"$(inherited)",
				);
				GCC_WARN_64_TO_32_BIT_CONVERSION = YES;
				GCC_WARN_ABOUT_RETURN_TYPE = YES_ERROR;
				GCC_WARN_UNDECLARED_SELECTOR = YES;
				GCC_WARN_UNINITIALIZED_AUTOS = YES_AGGRESSIVE;
				GCC_WARN_UNUSED_FUNCTION = YES;
				GCC_WARN_UNUSED_VARIABLE = YES;
				IPHONEOS_DEPLOYMENT_TARGET = 16.0;
				LOCALIZATION_PREFERS_STRING_CATALOGS = YES;
				MTL_ENABLE_DEBUG_INFO = INCLUDE_SOURCE;
				MTL_FAST_MATH = YES;
				ONLY_ACTIVE_ARCH = YES;
				SDKROOT = iphoneos;
				SWIFT_ACTIVE_COMPILATION_CONDITIONS = "DEBUG $(inherited)";
				SWIFT_OPTIMIZATION_LEVEL = "-Onone";
			};
			name = Debug;
		};
		84230E142BB58863008B90D2 /* Release */ = {
			isa = XCBuildConfiguration;
			buildSettings = {
				ALWAYS_SEARCH_USER_PATHS = NO;
				ASSETCATALOG_COMPILER_GENERATE_SWIFT_ASSET_SYMBOL_EXTENSIONS = YES;
				CLANG_ANALYZER_NONNULL = YES;
				CLANG_ANALYZER_NUMBER_OBJECT_CONVERSION = YES_AGGRESSIVE;
				CLANG_CXX_LANGUAGE_STANDARD = "gnu++20";
				CLANG_ENABLE_MODULES = YES;
				CLANG_ENABLE_OBJC_ARC = YES;
				CLANG_ENABLE_OBJC_WEAK = YES;
				CLANG_WARN_BLOCK_CAPTURE_AUTORELEASING = YES;
				CLANG_WARN_BOOL_CONVERSION = YES;
				CLANG_WARN_COMMA = YES;
				CLANG_WARN_CONSTANT_CONVERSION = YES;
				CLANG_WARN_DEPRECATED_OBJC_IMPLEMENTATIONS = YES;
				CLANG_WARN_DIRECT_OBJC_ISA_USAGE = YES_ERROR;
				CLANG_WARN_DOCUMENTATION_COMMENTS = YES;
				CLANG_WARN_EMPTY_BODY = YES;
				CLANG_WARN_ENUM_CONVERSION = YES;
				CLANG_WARN_INFINITE_RECURSION = YES;
				CLANG_WARN_INT_CONVERSION = YES;
				CLANG_WARN_NON_LITERAL_NULL_CONVERSION = YES;
				CLANG_WARN_OBJC_IMPLICIT_RETAIN_SELF = YES;
				CLANG_WARN_OBJC_LITERAL_CONVERSION = YES;
				CLANG_WARN_OBJC_ROOT_CLASS = YES_ERROR;
				CLANG_WARN_QUOTED_INCLUDE_IN_FRAMEWORK_HEADER = YES;
				CLANG_WARN_RANGE_LOOP_ANALYSIS = YES;
				CLANG_WARN_STRICT_PROTOTYPES = YES;
				CLANG_WARN_SUSPICIOUS_MOVE = YES;
				CLANG_WARN_UNGUARDED_AVAILABILITY = YES_AGGRESSIVE;
				CLANG_WARN_UNREACHABLE_CODE = YES;
				CLANG_WARN__DUPLICATE_METHOD_MATCH = YES;
				COPY_PHASE_STRIP = NO;
				DEBUG_INFORMATION_FORMAT = "dwarf-with-dsym";
				ENABLE_NS_ASSERTIONS = NO;
				ENABLE_STRICT_OBJC_MSGSEND = YES;
				ENABLE_USER_SCRIPT_SANDBOXING = YES;
				GCC_C_LANGUAGE_STANDARD = gnu17;
				GCC_NO_COMMON_BLOCKS = YES;
				GCC_WARN_64_TO_32_BIT_CONVERSION = YES;
				GCC_WARN_ABOUT_RETURN_TYPE = YES_ERROR;
				GCC_WARN_UNDECLARED_SELECTOR = YES;
				GCC_WARN_UNINITIALIZED_AUTOS = YES_AGGRESSIVE;
				GCC_WARN_UNUSED_FUNCTION = YES;
				GCC_WARN_UNUSED_VARIABLE = YES;
				IPHONEOS_DEPLOYMENT_TARGET = 16.0;
				LOCALIZATION_PREFERS_STRING_CATALOGS = YES;
				MTL_ENABLE_DEBUG_INFO = NO;
				MTL_FAST_MATH = YES;
				SDKROOT = iphoneos;
				SWIFT_COMPILATION_MODE = wholemodule;
				VALIDATE_PRODUCT = YES;
			};
			name = Release;
		};
		84230E162BB58863008B90D2 /* Debug */ = {
			isa = XCBuildConfiguration;
			buildSettings = {
				ALWAYS_EMBED_SWIFT_STANDARD_LIBRARIES = YES;
				ASSETCATALOG_COMPILER_APPICON_NAME = AppIcon;
				ASSETCATALOG_COMPILER_GLOBAL_ACCENT_COLOR_NAME = AccentColor;
				CODE_SIGN_ENTITLEMENTS = FlamR/FlamR.entitlements;
				CODE_SIGN_STYLE = Automatic;
				CURRENT_PROJECT_VERSION = 1;
				DEVELOPMENT_TEAM = K6FZYUHLAF;
				GENERATE_INFOPLIST_FILE = YES;
				INFOPLIST_FILE = FlamR/App/Info.plist;
				INFOPLIST_KEY_CFBundleDisplayName = FlamR;
				INFOPLIST_KEY_UIApplicationSupportsIndirectInputEvents = YES;
				INFOPLIST_KEY_UILaunchStoryboardName = LaunchScreen;
				INFOPLIST_KEY_UIMainStoryboardFile = Main;
				INFOPLIST_KEY_UISupportedInterfaceOrientations_iPad = "UIInterfaceOrientationPortrait UIInterfaceOrientationPortraitUpsideDown UIInterfaceOrientationLandscapeLeft UIInterfaceOrientationLandscapeRight";
				INFOPLIST_KEY_UISupportedInterfaceOrientations_iPhone = "UIInterfaceOrientationPortrait UIInterfaceOrientationLandscapeLeft UIInterfaceOrientationLandscapeRight";
				LD_RUNPATH_SEARCH_PATHS = (
					"$(inherited)",
					"@executable_path/Frameworks",
				);
				MARKETING_VERSION = 1.0;
				PRODUCT_BUNDLE_IDENTIFIER = com.flam.flamExperience;
				PRODUCT_NAME = "$(TARGET_NAME)";
				SWIFT_EMIT_LOC_STRINGS = YES;
				SWIFT_VERSION = 5.0;
				TARGETED_DEVICE_FAMILY = "1,2";
			};
			name = Debug;
		};
		84230E172BB58863008B90D2 /* Release */ = {
			isa = XCBuildConfiguration;
			buildSettings = {
				ALWAYS_EMBED_SWIFT_STANDARD_LIBRARIES = YES;
				ASSETCATALOG_COMPILER_APPICON_NAME = AppIcon;
				ASSETCATALOG_COMPILER_GLOBAL_ACCENT_COLOR_NAME = AccentColor;
				CODE_SIGN_ENTITLEMENTS = FlamR/FlamR.entitlements;
				CODE_SIGN_STYLE = Automatic;
				CURRENT_PROJECT_VERSION = 1;
				DEVELOPMENT_TEAM = K6FZYUHLAF;
				GENERATE_INFOPLIST_FILE = YES;
				INFOPLIST_FILE = FlamR/App/Info.plist;
				INFOPLIST_KEY_CFBundleDisplayName = FlamR;
				INFOPLIST_KEY_UIApplicationSupportsIndirectInputEvents = YES;
				INFOPLIST_KEY_UILaunchStoryboardName = LaunchScreen;
				INFOPLIST_KEY_UIMainStoryboardFile = Main;
				INFOPLIST_KEY_UISupportedInterfaceOrientations_iPad = "UIInterfaceOrientationPortrait UIInterfaceOrientationPortraitUpsideDown UIInterfaceOrientationLandscapeLeft UIInterfaceOrientationLandscapeRight";
				INFOPLIST_KEY_UISupportedInterfaceOrientations_iPhone = "UIInterfaceOrientationPortrait UIInterfaceOrientationLandscapeLeft UIInterfaceOrientationLandscapeRight";
				LD_RUNPATH_SEARCH_PATHS = (
					"$(inherited)",
					"@executable_path/Frameworks",
				);
				MARKETING_VERSION = 1.0;
				PRODUCT_BUNDLE_IDENTIFIER = com.flam.flamExperience;
				PRODUCT_NAME = "$(TARGET_NAME)";
				SWIFT_EMIT_LOC_STRINGS = YES;
				SWIFT_VERSION = 5.0;
				TARGETED_DEVICE_FAMILY = "1,2";
			};
			name = Release;
		};
		84230E192BB58863008B90D2 /* Debug */ = {
			isa = XCBuildConfiguration;
			buildSettings = {
				ALWAYS_EMBED_SWIFT_STANDARD_LIBRARIES = YES;
				BUNDLE_LOADER = "$(TEST_HOST)";
				CODE_SIGN_STYLE = Automatic;
				CURRENT_PROJECT_VERSION = 1;
				DEVELOPMENT_TEAM = Z536F9Q4L7;
				GENERATE_INFOPLIST_FILE = YES;
				IPHONEOS_DEPLOYMENT_TARGET = 17.4;
				MARKETING_VERSION = 1.0;
				PRODUCT_BUNDLE_IDENTIFIER = interview.tasks.InterviewTasksTests;
				PRODUCT_NAME = "$(TARGET_NAME)";
				SWIFT_EMIT_LOC_STRINGS = NO;
				SWIFT_VERSION = 5.0;
				TARGETED_DEVICE_FAMILY = "1,2";
				TEST_HOST = "$(BUILT_PRODUCTS_DIR)/InterviewTasks.app/$(BUNDLE_EXECUTABLE_FOLDER_PATH)/InterviewTasks";
			};
			name = Debug;
		};
		84230E1A2BB58863008B90D2 /* Release */ = {
			isa = XCBuildConfiguration;
			buildSettings = {
				ALWAYS_EMBED_SWIFT_STANDARD_LIBRARIES = YES;
				BUNDLE_LOADER = "$(TEST_HOST)";
				CODE_SIGN_STYLE = Automatic;
				CURRENT_PROJECT_VERSION = 1;
				DEVELOPMENT_TEAM = Z536F9Q4L7;
				GENERATE_INFOPLIST_FILE = YES;
				IPHONEOS_DEPLOYMENT_TARGET = 17.4;
				MARKETING_VERSION = 1.0;
				PRODUCT_BUNDLE_IDENTIFIER = interview.tasks.InterviewTasksTests;
				PRODUCT_NAME = "$(TARGET_NAME)";
				SWIFT_EMIT_LOC_STRINGS = NO;
				SWIFT_VERSION = 5.0;
				TARGETED_DEVICE_FAMILY = "1,2";
				TEST_HOST = "$(BUILT_PRODUCTS_DIR)/InterviewTasks.app/$(BUNDLE_EXECUTABLE_FOLDER_PATH)/InterviewTasks";
			};
			name = Release;
		};
		84230E1C2BB58863008B90D2 /* Debug */ = {
			isa = XCBuildConfiguration;
			buildSettings = {
				ALWAYS_EMBED_SWIFT_STANDARD_LIBRARIES = YES;
				CODE_SIGN_STYLE = Automatic;
				CURRENT_PROJECT_VERSION = 1;
				DEVELOPMENT_TEAM = Z536F9Q4L7;
				GENERATE_INFOPLIST_FILE = YES;
				MARKETING_VERSION = 1.0;
				PRODUCT_BUNDLE_IDENTIFIER = interview.tasks.InterviewTasksUITests;
				PRODUCT_NAME = "$(TARGET_NAME)";
				SWIFT_EMIT_LOC_STRINGS = NO;
				SWIFT_VERSION = 5.0;
				TARGETED_DEVICE_FAMILY = "1,2";
				TEST_TARGET_NAME = InterviewTasks;
			};
			name = Debug;
		};
		84230E1D2BB58863008B90D2 /* Release */ = {
			isa = XCBuildConfiguration;
			buildSettings = {
				ALWAYS_EMBED_SWIFT_STANDARD_LIBRARIES = YES;
				CODE_SIGN_STYLE = Automatic;
				CURRENT_PROJECT_VERSION = 1;
				DEVELOPMENT_TEAM = Z536F9Q4L7;
				GENERATE_INFOPLIST_FILE = YES;
				MARKETING_VERSION = 1.0;
				PRODUCT_BUNDLE_IDENTIFIER = interview.tasks.InterviewTasksUITests;
				PRODUCT_NAME = "$(TARGET_NAME)";
				SWIFT_EMIT_LOC_STRINGS = NO;
				SWIFT_VERSION = 5.0;
				TARGETED_DEVICE_FAMILY = "1,2";
				TEST_TARGET_NAME = InterviewTasks;
			};
			name = Release;
		};
/* End XCBuildConfiguration section */

/* Begin XCConfigurationList section */
		43780A742C4659E000F229FA /* Build configuration list for PBXNativeTarget "FlamRClip" */ = {
			isa = XCConfigurationList;
			buildConfigurations = (
				43780A752C4659E000F229FA /* Debug */,
				43780A762C4659E000F229FA /* Release */,
			);
			defaultConfigurationIsVisible = 0;
			defaultConfigurationName = Release;
		};
		84230DE62BB5885F008B90D2 /* Build configuration list for PBXProject "FlamR" */ = {
			isa = XCConfigurationList;
			buildConfigurations = (
				84230E132BB58863008B90D2 /* Debug */,
				84230E142BB58863008B90D2 /* Release */,
			);
			defaultConfigurationIsVisible = 0;
			defaultConfigurationName = Release;
		};
		84230E152BB58863008B90D2 /* Build configuration list for PBXNativeTarget "FlamR" */ = {
			isa = XCConfigurationList;
			buildConfigurations = (
				84230E162BB58863008B90D2 /* Debug */,
				84230E172BB58863008B90D2 /* Release */,
			);
			defaultConfigurationIsVisible = 0;
			defaultConfigurationName = Release;
		};
		84230E182BB58863008B90D2 /* Build configuration list for PBXNativeTarget "InterviewTasksTests" */ = {
			isa = XCConfigurationList;
			buildConfigurations = (
				84230E192BB58863008B90D2 /* Debug */,
				84230E1A2BB58863008B90D2 /* Release */,
			);
			defaultConfigurationIsVisible = 0;
			defaultConfigurationName = Release;
		};
		84230E1B2BB58863008B90D2 /* Build configuration list for PBXNativeTarget "InterviewTasksUITests" */ = {
			isa = XCConfigurationList;
			buildConfigurations = (
				84230E1C2BB58863008B90D2 /* Debug */,
				84230E1D2BB58863008B90D2 /* Release */,
			);
			defaultConfigurationIsVisible = 0;
			defaultConfigurationName = Release;
		};
/* End XCConfigurationList section */
	};
	rootObject = 84230DE32BB5885F008B90D2 /* Project object */;
}
